
Microsoft Visual Studio Solution File, Format Version 12.00
# Visual Studio Version 17
VisualStudioVersion = 17.5.33502.453
MinimumVisualStudioVersion = 10.0.40219.1
Project("{FAE04EC0-301F-11D3-BF4B-00C04F79EFBC}") = "ZooAnimal", "ZooAnimal\ZooAnimal.csproj", "{1856A5B8-7C65-4EE3-9573-04D28890B236}"
EndProject
Global
	GlobalSection(SolutionConfigurationPlatforms) = preSolution
		Debug|Any CPU = Debug|Any CPU
		Release|Any CPU = Release|Any CPU
	EndGlobalSection
	GlobalSection(ProjectConfigurationPlatforms) = postSolution
		{1856A5B8-7C65-4EE3-9573-04D28890B236}.Debug|Any CPU.ActiveCfg = Debug|Any CPU
		{1856A5B8-7C65-4EE3-9573-04D28890B236}.Debug|Any CPU.Build.0 = Debug|Any CPU
		{1856A5B8-7C65-4EE3-9573-04D28890B236}.Release|Any CPU.ActiveCfg = Release|Any CPU
		{1856A5B8-7C65-4EE3-9573-04D28890B236}.Release|Any CPU.Build.0 = Release|Any CPU
	EndGlobalSection
	GlobalSection(SolutionProperties) = preSolution
		HideSolutionNode = FALSE
	EndGlobalSection
	GlobalSection(ExtensibilityGlobals) = postSolution
		SolutionGuid = {A13175B6-C720-44B2-9ADF-FF8DBF41C0FC}
	EndGlobalSection
EndGlobal
